<?xml version="1.0" encoding="utf-8"?>
<Project ToolsVersion="4.0" xmlns="http://schemas.microsoft.com/developer/msbuild/2003">
  <ItemGroup>
    <ClCompile Include="..\..\..\makercore\source\Geometry.cpp">
      <Filter>source</Filter>
    </ClCompile>
    <ClCompile Include="..\..\..\makercore\source\ModuleExport.cpp">
      <Filter>source</Filter>
    </ClCompile>
  </ItemGroup>
  <ItemGroup>
    <Filter Include="include">
      <UniqueIdentifier>{19d4ce52-ef82-4682-93bd-74f748391e19}</UniqueIdentifier>
      <Extensions>*.hpp</Extensions>
    </Filter>
    <Filter Include="source">
      <UniqueIdentifier>{b87d6727-ace1-4386-a6ff-4d5ca4c52912}</UniqueIdentifier>
      <Extensions>*.cpp</Extensions>
    </Filter>
  </ItemGroup>
  <ItemGroup>
    <ClInclude Include="..\..\..\makercore\include\Geometry.hpp">
      <Filter>include</Filter>
    </ClInclude>
    <ClInclude Include="..\..\..\makercore\include\OCE.hpp">
      <Filter>include</Filter>
    </ClInclude>
  </ItemGroup>
</Project>