
Microsoft Visual Studio Solution File, Format Version 10.00
# Visual Studio 2008
Project("{8BC9CEB8-8B4A-11D0-8D11-00A0C91BC942}") = "MakerCAD", "MakerCAD\MakerCAD.vcproj", "{52FE6461-B41A-41AB-9E6B-35C8E2611C62}"
EndProject
Project("{8BC9CEB8-8B4A-11D0-8D11-00A0C91BC942}") = "Install", "Install\Install.vcproj", "{C7283CAE-A48D-46D1-ADDF-9E8DFFF3C70A}"
	ProjectSection(ProjectDependencies) = postProject
		{52FE6461-B41A-41AB-9E6B-35C8E2611C62} = {52FE6461-B41A-41AB-9E6B-35C8E2611C62}
	EndProjectSection
EndProject
Global
	GlobalSection(SolutionConfigurationPlatforms) = preSolution
		Debug|Win32 = Debug|Win32
		Release|Win32 = Release|Win32
	EndGlobalSection
	GlobalSection(ProjectConfigurationPlatforms) = postSolution
		{52FE6461-B41A-41AB-9E6B-35C8E2611C62}.Debug|Win32.ActiveCfg = Debug|Win32
		{52FE6461-B41A-41AB-9E6B-35C8E2611C62}.Debug|Win32.Build.0 = Debug|Win32
		{52FE6461-B41A-41AB-9E6B-35C8E2611C62}.Release|Win32.ActiveCfg = Release|Win32
		{52FE6461-B41A-41AB-9E6B-35C8E2611C62}.Release|Win32.Build.0 = Release|Win32
		{C7283CAE-A48D-46D1-ADDF-9E8DFFF3C70A}.Debug|Win32.ActiveCfg = Debug|Win32
		{C7283CAE-A48D-46D1-ADDF-9E8DFFF3C70A}.Debug|Win32.Build.0 = Debug|Win32
		{C7283CAE-A48D-46D1-ADDF-9E8DFFF3C70A}.Release|Win32.ActiveCfg = Release|Win32
		{C7283CAE-A48D-46D1-ADDF-9E8DFFF3C70A}.Release|Win32.Build.0 = Release|Win32
	EndGlobalSection
	GlobalSection(SolutionProperties) = preSolution
		HideSolutionNode = FALSE
	EndGlobalSection
EndGlobal
